// !$*UTF8*$!
{
	archiveVersion = 1;
	classes = {
	};
	objectVersion = 50;
	objects = {

/* Begin PBXBuildFile section */
		52B3807226B5D35B0045FC46 /* AppDelegate.swift in Sources */ = {isa = PBXBuildFile; fileRef = 52B3807126B5D35B0045FC46 /* AppDelegate.swift */; };
		52B3807426B5D35B0045FC46 /* SceneDelegate.swift in Sources */ = {isa = PBXBuildFile; fileRef = 52B3807326B5D35B0045FC46 /* SceneDelegate.swift */; };
		52B3807626B5D35B0045FC46 /* ViewController.swift in Sources */ = {isa = PBXBuildFile; fileRef = 52B3807526B5D35B0045FC46 /* ViewController.swift */; };
		52B3807926B5D35B0045FC46 /* Main.storyboard in Resources */ = {isa = PBXBuildFile; fileRef = 52B3807726B5D35B0045FC46 /* Main.storyboard */; };
		52B3807B26B5D35B0045FC46 /* Assets.xcassets in Resources */ = {isa = PBXBuildFile; fileRef = 52B3807A26B5D35B0045FC46 /* Assets.xcassets */; };
		52B3807E26B5D35B0045FC46 /* LaunchScreen.storyboard in Resources */ = {isa = PBXBuildFile; fileRef = 52B3807C26B5D35B0045FC46 /* LaunchScreen.storyboard */; };
		52B3808926B5D35B0045FC46 /* HappyBirthdayTests.swift in Sources */ = {isa = PBXBuildFile; fileRef = 52B3808826B5D35B0045FC46 /* HappyBirthdayTests.swift */; };
		52B3809426B5D35B0045FC46 /* HappyBirthdayUITests.swift in Sources */ = {isa = PBXBuildFile; fileRef = 52B3809326B5D35B0045FC46 /* HappyBirthdayUITests.swift */; };
/* End PBXBuildFile section */

/* Begin PBXContainerItemProxy section */
		52B3808526B5D35B0045FC46 /* PBXContainerItemProxy */ = {
			isa = PBXContainerItemProxy;
			containerPortal = 52B3806626B5D35B0045FC46 /* Project object */;
			proxyType = 1;
			remoteGlobalIDString = 52B3806D26B5D35B0045FC46;
			remoteInfo = HappyBirthday;
		};
		52B3809026B5D35B0045FC46 /* PBXContainerItemProxy */ = {
			isa = PBXContainerItemProxy;
			containerPortal = 52B3806626B5D35B0045FC46 /* Project object */;
			proxyType = 1;
			remoteGlobalIDString = 52B3806D26B5D35B0045FC46;
			remoteInfo = HappyBirthday;
		};
/* End PBXContainerItemProxy section */

/* Begin PBXFileReference section */
		52B3806E26B5D35B0045FC46 /* HappyBirthday.app */ = {isa = PBXFileReference; explicitFileType = wrapper.application; includeInIndex = 0; path = HappyBirthday.app; sourceTree = BUILT_PRODUCTS_DIR; };
		52B3807126B5D35B0045FC46 /* AppDelegate.swift */ = {isa = PBXFileReference; lastKnownFileType = sourcecode.swift; path = AppDelegate.swift; sourceTree = "<group>"; };
		52B3807326B5D35B0045FC46 /* SceneDelegate.swift */ = {isa = PBXFileReference; lastKnownFileType = sourcecode.swift; path = SceneDelegate.swift; sourceTree = "<group>"; };
		52B3807526B5D35B0045FC46 /* ViewController.swift */ = {isa = PBXFileReference; lastKnownFileType = sourcecode.swift; path = ViewController.swift; sourceTree = "<group>"; };
		52B3807826B5D35B0045FC46 /* Base */ = {isa = PBXFileReference; lastKnownFileType = file.storyboard; name = Base; path = Base.lproj/Main.storyboard; sourceTree = "<group>"; };
		52B3807A26B5D35B0045FC46 /* Assets.xcassets */ = {isa = PBXFileReference; lastKnownFileType = folder.assetcatalog; path = Assets.xcassets; sourceTree = "<group>"; };
		52B3807D26B5D35B0045FC46 /* Base */ = {isa = PBXFileReference; lastKnownFileType = file.storyboard; name = Base; path = Base.lproj/LaunchScreen.storyboard; sourceTree = "<group>"; };
		52B3807F26B5D35B0045FC46 /* Info.plist */ = {isa = PBXFileReference; lastKnownFileType = text.plist.xml; path = Info.plist; sourceTree = "<group>"; };
		52B3808426B5D35B0045FC46 /* HappyBirthdayTests.xctest */ = {isa = PBXFileReference; explicitFileType = wrapper.cfbundle; includeInIndex = 0; path = HappyBirthdayTests.xctest; sourceTree = BUILT_PRODUCTS_DIR; };
		52B3808826B5D35B0045FC46 /* HappyBirthdayTests.swift */ = {isa = PBXFileReference; lastKnownFileType = sourcecode.swift; path = HappyBirthdayTests.swift; sourceTree = "<group>"; };
		52B3808A26B5D35B0045FC46 /* Info.plist */ = {isa = PBXFileReference; lastKnownFileType = text.plist.xml; path = Info.plist; sourceTree = "<group>"; };
		52B3808F26B5D35B0045FC46 /* HappyBirthdayUITests.xctest */ = {isa = PBXFileReference; explicitFileType = wrapper.cfbundle; includeInIndex = 0; path = HappyBirthdayUITests.xctest; sourceTree = BUILT_PRODUCTS_DIR; };
		52B3809326B5D35B0045FC46 /* HappyBirthdayUITests.swift */ = {isa = PBXFileReference; lastKnownFileType = sourcecode.swift; path = HappyBirthdayUITests.swift; sourceTree = "<group>"; };
		52B3809526B5D35B0045FC46 /* Info.plist */ = {isa = PBXFileReference; lastKnownFileType = text.plist.xml; path = Info.plist; sourceTree = "<group>"; };
/* End PBXFileReference section */

/* Begin PBXFrameworksBuildPhase section */
		52B3806B26B5D35B0045FC46 /* Frameworks */ = {
			isa = PBXFrameworksBuildPhase;
			buildActionMask = 2147483647;
			files = (
			);
			runOnlyForDeploymentPostprocessing = 0;
		};
		52B3808126B5D35B0045FC46 /* Frameworks */ = {
			isa = PBXFrameworksBuildPhase;
			buildActionMask = 2147483647;
			files = (
			);
			runOnlyForDeploymentPostprocessing = 0;
		};
		52B3808C26B5D35B0045FC46 /* Frameworks */ = {
			isa = PBXFrameworksBuildPhase;
			buildActionMask = 2147483647;
			files = (
			);
			runOnlyForDeploymentPostprocessing = 0;
		};
/* End PBXFrameworksBuildPhase section */

/* Begin PBXGroup section */
		52B3806526B5D35B0045FC46 = {
			isa = PBXGroup;
			children = (
				52B3807026B5D35B0045FC46 /* HappyBirthday */,
				52B3808726B5D35B0045FC46 /* HappyBirthdayTests */,
				52B3809226B5D35B0045FC46 /* HappyBirthdayUITests */,
				52B3806F26B5D35B0045FC46 /* Products */,
			);
			sourceTree = "<group>";
		};
		52B3806F26B5D35B0045FC46 /* Products */ = {
			isa = PBXGroup;
			children = (
				52B3806E26B5D35B0045FC46 /* HappyBirthday.app */,
				52B3808426B5D35B0045FC46 /* HappyBirthdayTests.xctest */,
				52B3808F26B5D35B0045FC46 /* HappyBirthdayUITests.xctest */,
			);
			name = Products;
			sourceTree = "<group>";
		};
		52B3807026B5D35B0045FC46 /* HappyBirthday */ = {
			isa = PBXGroup;
			children = (
				52B3807126B5D35B0045FC46 /* AppDelegate.swift */,
				52B3807326B5D35B0045FC46 /* SceneDelegate.swift */,
				52B3807526B5D35B0045FC46 /* ViewController.swift */,
				52B3807726B5D35B0045FC46 /* Main.storyboard */,
				52B3807A26B5D35B0045FC46 /* Assets.xcassets */,
				52B3807C26B5D35B0045FC46 /* LaunchScreen.storyboard */,
				52B3807F26B5D35B0045FC46 /* Info.plist */,
			);
			path = HappyBirthday;
			sourceTree = "<group>";
		};
		52B3808726B5D35B0045FC46 /* HappyBirthdayTests */ = {
			isa = PBXGroup;
			children = (
				52B3808826B5D35B0045FC46 /* HappyBirthdayTests.swift */,
				52B3808A26B5D35B0045FC46 /* Info.plist */,
			);
			path = HappyBirthdayTests;
			sourceTree = "<group>";
		};
		52B3809226B5D35B0045FC46 /* HappyBirthdayUITests */ = {
			isa = PBXGroup;
			children = (
				52B3809326B5D35B0045FC46 /* HappyBirthdayUITests.swift */,
				52B3809526B5D35B0045FC46 /* Info.plist */,
			);
			path = HappyBirthdayUITests;
			sourceTree = "<group>";
		};
/* End PBXGroup section */

/* Begin PBXNativeTarget section */
		52B3806D26B5D35B0045FC46 /* HappyBirthday */ = {
			isa = PBXNativeTarget;
			buildConfigurationList = 52B3809826B5D35B0045FC46 /* Build configuration list for PBXNativeTarget "HappyBirthday" */;
			buildPhases = (
				52B3806A26B5D35B0045FC46 /* Sources */,
				52B3806B26B5D35B0045FC46 /* Frameworks */,
				52B3806C26B5D35B0045FC46 /* Resources */,
			);
			buildRules = (
			);
			dependencies = (
			);
			name = HappyBirthday;
			productName = HappyBirthday;
			productReference = 52B3806E26B5D35B0045FC46 /* HappyBirthday.app */;
			productType = "com.apple.product-type.application";
		};
		52B3808326B5D35B0045FC46 /* HappyBirthdayTests */ = {
			isa = PBXNativeTarget;
			buildConfigurationList = 52B3809B26B5D35B0045FC46 /* Build configuration list for PBXNativeTarget "HappyBirthdayTests" */;
			buildPhases = (
				52B3808026B5D35B0045FC46 /* Sources */,
				52B3808126B5D35B0045FC46 /* Frameworks */,
				52B3808226B5D35B0045FC46 /* Resources */,
			);
			buildRules = (
			);
			dependencies = (
				52B3808626B5D35B0045FC46 /* PBXTargetDependency */,
			);
			name = HappyBirthdayTests;
			productName = HappyBirthdayTests;
			productReference = 52B3808426B5D35B0045FC46 /* HappyBirthdayTests.xctest */;
			productType = "com.apple.product-type.bundle.unit-test";
		};
		52B3808E26B5D35B0045FC46 /* HappyBirthdayUITests */ = {
			isa = PBXNativeTarget;
			buildConfigurationList = 52B3809E26B5D35B0045FC46 /* Build configuration list for PBXNativeTarget "HappyBirthdayUITests" */;
			buildPhases = (
				52B3808B26B5D35B0045FC46 /* Sources */,
				52B3808C26B5D35B0045FC46 /* Frameworks */,
				52B3808D26B5D35B0045FC46 /* Resources */,
			);
			buildRules = (
			);
			dependencies = (
				52B3809126B5D35B0045FC46 /* PBXTargetDependency */,
			);
			name = HappyBirthdayUITests;
			productName = HappyBirthdayUITests;
			productReference = 52B3808F26B5D35B0045FC46 /* HappyBirthdayUITests.xctest */;
			productType = "com.apple.product-type.bundle.ui-testing";
		};
/* End PBXNativeTarget section */

/* Begin PBXProject section */
		52B3806626B5D35B0045FC46 /* Project object */ = {
			isa = PBXProject;
			attributes = {
				LastSwiftUpdateCheck = 1250;
				LastUpgradeCheck = 1250;
				TargetAttributes = {
					52B3806D26B5D35B0045FC46 = {
						CreatedOnToolsVersion = 12.5.1;
					};
					52B3808326B5D35B0045FC46 = {
						CreatedOnToolsVersion = 12.5.1;
						TestTargetID = 52B3806D26B5D35B0045FC46;
					};
					52B3808E26B5D35B0045FC46 = {
						CreatedOnToolsVersion = 12.5.1;
						TestTargetID = 52B3806D26B5D35B0045FC46;
					};
				};
			};
			buildConfigurationList = 52B3806926B5D35B0045FC46 /* Build configuration list for PBXProject "HappyBirthday" */;
			compatibilityVersion = "Xcode 9.3";
			developmentRegion = en;
			hasScannedForEncodings = 0;
			knownRegions = (
				en,
				Base,
			);
			mainGroup = 52B3806526B5D35B0045FC46;
			productRefGroup = 52B3806F26B5D35B0045FC46 /* Products */;
			projectDirPath = "";
			projectRoot = "";
			targets = (
				52B3806D26B5D35B0045FC46 /* HappyBirthday */,
				52B3808326B5D35B0045FC46 /* HappyBirthdayTests */,
				52B3808E26B5D35B0045FC46 /* HappyBirthdayUITests */,
			);
		};
/* End PBXProject section */

/* Begin PBXResourcesBuildPhase section */
		52B3806C26B5D35B0045FC46 /* Resources */ = {
			isa = PBXResourcesBuildPhase;
			buildActionMask = 2147483647;
			files = (
				52B3807E26B5D35B0045FC46 /* LaunchScreen.storyboard in Resources */,
				52B3807B26B5D35B0045FC46 /* Assets.xcassets in Resources */,
				52B3807926B5D35B0045FC46 /* Main.storyboard in Resources */,
			);
			runOnlyForDeploymentPostprocessing = 0;
		};
		52B3808226B5D35B0045FC46 /* Resources */ = {
			isa = PBXResourcesBuildPhase;
			buildActionMask = 2147483647;
			files = (
			);
			runOnlyForDeploymentPostprocessing = 0;
		};
		52B3808D26B5D35B0045FC46 /* Resources */ = {
			isa = PBXResourcesBuildPhase;
			buildActionMask = 2147483647;
			files = (
			);
			runOnlyForDeploymentPostprocessing = 0;
		};
/* End PBXResourcesBuildPhase section */

/* Begin PBXSourcesBuildPhase section */
		52B3806A26B5D35B0045FC46 /* Sources */ = {
			isa = PBXSourcesBuildPhase;
			buildActionMask = 2147483647;
			files = (
				52B3807626B5D35B0045FC46 /* ViewController.swift in Sources */,
				52B3807226B5D35B0045FC46 /* AppDelegate.swift in Sources */,
				52B3807426B5D35B0045FC46 /* SceneDelegate.swift in Sources */,
			);
			runOnlyForDeploymentPostprocessing = 0;
		};
		52B3808026B5D35B0045FC46 /* Sources */ = {
			isa = PBXSourcesBuildPhase;
			buildActionMask = 2147483647;
			files = (
				52B3808926B5D35B0045FC46 /* HappyBirthdayTests.swift in Sources */,
			);
			runOnlyForDeploymentPostprocessing = 0;
		};
		52B3808B26B5D35B0045FC46 /* Sources */ = {
			isa = PBXSourcesBuildPhase;
			buildActionMask = 2147483647;
			files = (
				52B3809426B5D35B0045FC46 /* HappyBirthdayUITests.swift in Sources */,
			);
			runOnlyForDeploymentPostprocessing = 0;
		};
/* End PBXSourcesBuildPhase section */

/* Begin PBXTargetDependency section */
		52B3808626B5D35B0045FC46 /* PBXTargetDependency */ = {
			isa = PBXTargetDependency;
			target = 52B3806D26B5D35B0045FC46 /* HappyBirthday */;
			targetProxy = 52B3808526B5D35B0045FC46 /* PBXContainerItemProxy */;
		};
		52B3809126B5D35B0045FC46 /* PBXTargetDependency */ = {
			isa = PBXTargetDependency;
			target = 52B3806D26B5D35B0045FC46 /* HappyBirthday */;
			targetProxy = 52B3809026B5D35B0045FC46 /* PBXContainerItemProxy */;
		};
/* End PBXTargetDependency section */

/* Begin PBXVariantGroup section */
		52B3807726B5D35B0045FC46 /* Main.storyboard */ = {
			isa = PBXVariantGroup;
			children = (
				52B3807826B5D35B0045FC46 /* Base */,
			);
			name = Main.storyboard;
			sourceTree = "<group>";
		};
		52B3807C26B5D35B0045FC46 /* LaunchScreen.storyboard */ = {
			isa = PBXVariantGroup;
			children = (
				52B3807D26B5D35B0045FC46 /* Base */,
			);
			name = LaunchScreen.storyboard;
			sourceTree = "<group>";
		};
/* End PBXVariantGroup section */

/* Begin XCBuildConfiguration section */
		52B3809626B5D35B0045FC46 /* Debug */ = {
			isa = XCBuildConfiguration;
			buildSettings = {
				ALWAYS_SEARCH_USER_PATHS = NO;
				CLANG_ANALYZER_NONNULL = YES;
				CLANG_ANALYZER_NUMBER_OBJECT_CONVERSION = YES_AGGRESSIVE;
				CLANG_CXX_LANGUAGE_STANDARD = "gnu++14";
				CLANG_CXX_LIBRARY = "libc++";
				CLANG_ENABLE_MODULES = YES;
				CLANG_ENABLE_OBJC_ARC = YES;
				CLANG_ENABLE_OBJC_WEAK = YES;
				CLANG_WARN_BLOCK_CAPTURE_AUTORELEASING = YES;
				CLANG_WARN_BOOL_CONVERSION = YES;
				CLANG_WARN_COMMA = YES;
				CLANG_WARN_CONSTANT_CONVERSION = YES;
				CLANG_WARN_DEPRECATED_OBJC_IMPLEMENTATIONS = YES;
				CLANG_WARN_DIRECT_OBJC_ISA_USAGE = YES_ERROR;
				CLANG_WARN_DOCUMENTATION_COMMENTS = YES;
				CLANG_WARN_EMPTY_BODY = YES;
				CLANG_WARN_ENUM_CONVERSION = YES;
				CLANG_WARN_INFINITE_RECURSION = YES;
				CLANG_WARN_INT_CONVERSION = YES;
				CLANG_WARN_NON_LITERAL_NULL_CONVERSION = YES;
				CLANG_WARN_OBJC_IMPLICIT_RETAIN_SELF = YES;
				CLANG_WARN_OBJC_LITERAL_CONVERSION = YES;
				CLANG_WARN_OBJC_ROOT_CLASS = YES_ERROR;
				CLANG_WARN_QUOTED_INCLUDE_IN_FRAMEWORK_HEADER = YES;
				CLANG_WARN_RANGE_LOOP_ANALYSIS = YES;
				CLANG_WARN_STRICT_PROTOTYPES = YES;
				CLANG_WARN_SUSPICIOUS_MOVE = YES;
				CLANG_WARN_UNGUARDED_AVAILABILITY = YES_AGGRESSIVE;
				CLANG_WARN_UNREACHABLE_CODE = YES;
				CLANG_WARN__DUPLICATE_METHOD_MATCH = YES;
				COPY_PHASE_STRIP = NO;
				DEBUG_INFORMATION_FORMAT = dwarf;
				ENABLE_STRICT_OBJC_MSGSEND = YES;
				ENABLE_TESTABILITY = YES;
				GCC_C_LANGUAGE_STANDARD = gnu11;
				GCC_DYNAMIC_NO_PIC = NO;
				GCC_NO_COMMON_BLOCKS = YES;
				GCC_OPTIMIZATION_LEVEL = 0;
				GCC_PREPROCESSOR_DEFINITIONS = (
					"DEBUG=1",
					"$(inherited)",
				);
				GCC_WARN_64_TO_32_BIT_CONVERSION = YES;
				GCC_WARN_ABOUT_RETURN_TYPE = YES_ERROR;
				GCC_WARN_UNDECLARED_SELECTOR = YES;
				GCC_WARN_UNINITIALIZED_AUTOS = YES_AGGRESSIVE;
				GCC_WARN_UNUSED_FUNCTION = YES;
				GCC_WARN_UNUSED_VARIABLE = YES;
				IPHONEOS_DEPLOYMENT_TARGET = 14.5;
				MTL_ENABLE_DEBUG_INFO = INCLUDE_SOURCE;
				MTL_FAST_MATH = YES;
				ONLY_ACTIVE_ARCH = YES;
				SDKROOT = iphoneos;
				SWIFT_ACTIVE_COMPILATION_CONDITIONS = DEBUG;
				SWIFT_OPTIMIZATION_LEVEL = "-Onone";
			};
			name = Debug;
		};
		52B3809726B5D35B0045FC46 /* Release */ = {
			isa = XCBuildConfiguration;
			buildSettings = {
				ALWAYS_SEARCH_USER_PATHS = NO;
				CLANG_ANALYZER_NONNULL = YES;
				CLANG_ANALYZER_NUMBER_OBJECT_CONVERSION = YES_AGGRESSIVE;
				CLANG_CXX_LANGUAGE_STANDARD = "gnu++14";
				CLANG_CXX_LIBRARY = "libc++";
				CLANG_ENABLE_MODULES = YES;
				CLANG_ENABLE_OBJC_ARC = YES;
				CLANG_ENABLE_OBJC_WEAK = YES;
				CLANG_WARN_BLOCK_CAPTURE_AUTORELEASING = YES;
				CLANG_WARN_BOOL_CONVERSION = YES;
				CLANG_WARN_COMMA = YES;
				CLANG_WARN_CONSTANT_CONVERSION = YES;
				CLANG_WARN_DEPRECATED_OBJC_IMPLEMENTATIONS = YES;
				CLANG_WARN_DIRECT_OBJC_ISA_USAGE = YES_ERROR;
				CLANG_WARN_DOCUMENTATION_COMMENTS = YES;
				CLANG_WARN_EMPTY_BODY = YES;
				CLANG_WARN_ENUM_CONVERSION = YES;
				CLANG_WARN_INFINITE_RECURSION = YES;
				CLANG_WARN_INT_CONVERSION = YES;
				CLANG_WARN_NON_LITERAL_NULL_CONVERSION = YES;
				CLANG_WARN_OBJC_IMPLICIT_RETAIN_SELF = YES;
				CLANG_WARN_OBJC_LITERAL_CONVERSION = YES;
				CLANG_WARN_OBJC_ROOT_CLASS = YES_ERROR;
				CLANG_WARN_QUOTED_INCLUDE_IN_FRAMEWORK_HEADER = YES;
				CLANG_WARN_RANGE_LOOP_ANALYSIS = YES;
				CLANG_WARN_STRICT_PROTOTYPES = YES;
				CLANG_WARN_SUSPICIOUS_MOVE = YES;
				CLANG_WARN_UNGUARDED_AVAILABILITY = YES_AGGRESSIVE;
				CLANG_WARN_UNREACHABLE_CODE = YES;
				CLANG_WARN__DUPLICATE_METHOD_MATCH = YES;
				COPY_PHASE_STRIP = NO;
				DEBUG_INFORMATION_FORMAT = "dwarf-with-dsym";
				ENABLE_NS_ASSERTIONS = NO;
				ENABLE_STRICT_OBJC_MSGSEND = YES;
				GCC_C_LANGUAGE_STANDARD = gnu11;
				GCC_NO_COMMON_BLOCKS = YES;
				GCC_WARN_64_TO_32_BIT_CONVERSION = YES;
				GCC_WARN_ABOUT_RETURN_TYPE = YES_ERROR;
				GCC_WARN_UNDECLARED_SELECTOR = YES;
				GCC_WARN_UNINITIALIZED_AUTOS = YES_AGGRESSIVE;
				GCC_WARN_UNUSED_FUNCTION = YES;
				GCC_WARN_UNUSED_VARIABLE = YES;
				IPHONEOS_DEPLOYMENT_TARGET = 14.5;
				MTL_ENABLE_DEBUG_INFO = NO;
				MTL_FAST_MATH = YES;
				SDKROOT = iphoneos;
				SWIFT_COMPILATION_MODE = wholemodule;
				SWIFT_OPTIMIZATION_LEVEL = "-O";
				VALIDATE_PRODUCT = YES;
			};
			name = Release;
		};
		52B3809926B5D35B0045FC46 /* Debug */ = {
			isa = XCBuildConfiguration;
			buildSettings = {
				ASSETCATALOG_COMPILER_APPICON_NAME = AppIcon;
				ASSETCATALOG_COMPILER_GLOBAL_ACCENT_COLOR_NAME = AccentColor;
				CODE_SIGN_STYLE = Automatic;
				INFOPLIST_FILE = HappyBirthday/Info.plist;
				LD_RUNPATH_SEARCH_PATHS = (
					"$(inherited)",
					"@executable_path/Frameworks",
				);
				PRODUCT_BUNDLE_IDENTIFIER = GiliYaakov.com.HappyBirthday;
				PRODUCT_NAME = "$(TARGET_NAME)";
				SWIFT_VERSION = 5.0;
				TARGETED_DEVICE_FAMILY = "1,2";
			};
			name = Debug;
		};
		52B3809A26B5D35B0045FC46 /* Release */ = {
			isa = XCBuildConfiguration;
			buildSettings = {
				ASSETCATALOG_COMPILER_APPICON_NAME = AppIcon;
				ASSETCATALOG_COMPILER_GLOBAL_ACCENT_COLOR_NAME = AccentColor;
				CODE_SIGN_STYLE = Automatic;
				INFOPLIST_FILE = HappyBirthday/Info.plist;
				LD_RUNPATH_SEARCH_PATHS = (
					"$(inherited)",
					"@executable_path/Frameworks",
				);
				PRODUCT_BUNDLE_IDENTIFIER = GiliYaakov.com.HappyBirthday;
				PRODUCT_NAME = "$(TARGET_NAME)";
				SWIFT_VERSION = 5.0;
				TARGETED_DEVICE_FAMILY = "1,2";
			};
			name = Release;
		};
		52B3809C26B5D35B0045FC46 /* Debug */ = {
			isa = XCBuildConfiguration;
			buildSettings = {
				ALWAYS_EMBED_SWIFT_STANDARD_LIBRARIES = YES;
				BUNDLE_LOADER = "$(TEST_HOST)";
				CODE_SIGN_STYLE = Automatic;
				INFOPLIST_FILE = HappyBirthdayTests/Info.plist;
				IPHONEOS_DEPLOYMENT_TARGET = 14.5;
				LD_RUNPATH_SEARCH_PATHS = (
					"$(inherited)",
					"@executable_path/Frameworks",
					"@loader_path/Frameworks",
				);
				PRODUCT_BUNDLE_IDENTIFIER = GiliYaakov.com.HappyBirthdayTests;
				PRODUCT_NAME = "$(TARGET_NAME)";
				SWIFT_VERSION = 5.0;
				TARGETED_DEVICE_FAMILY = "1,2";
				TEST_HOST = "$(BUILT_PRODUCTS_DIR)/HappyBirthday.app/HappyBirthday";
			};
			name = Debug;
		};
		52B3809D26B5D35B0045FC46 /* Release */ = {
			isa = XCBuildConfiguration;
			buildSettings = {
				ALWAYS_EMBED_SWIFT_STANDARD_LIBRARIES = YES;
				BUNDLE_LOADER = "$(TEST_HOST)";
				CODE_SIGN_STYLE = Automatic;
				INFOPLIST_FILE = HappyBirthdayTests/Info.plist;
				IPHONEOS_DEPLOYMENT_TARGET = 14.5;
				LD_RUNPATH_SEARCH_PATHS = (
					"$(inherited)",
					"@executable_path/Frameworks",
					"@loader_path/Frameworks",
				);
				PRODUCT_BUNDLE_IDENTIFIER = GiliYaakov.com.HappyBirthdayTests;
				PRODUCT_NAME = "$(TARGET_NAME)";
				SWIFT_VERSION = 5.0;
				TARGETED_DEVICE_FAMILY = "1,2";
				TEST_HOST = "$(BUILT_PRODUCTS_DIR)/HappyBirthday.app/HappyBirthday";
			};
			name = Release;
		};
		52B3809F26B5D35B0045FC46 /* Debug */ = {
			isa = XCBuildConfiguration;
			buildSettings = {
				ALWAYS_EMBED_SWIFT_STANDARD_LIBRARIES = YES;
				CODE_SIGN_STYLE = Automatic;
				INFOPLIST_FILE = HappyBirthdayUITests/Info.plist;
				LD_RUNPATH_SEARCH_PATHS = (
					"$(inherited)",
					"@executable_path/Frameworks",
					"@loader_path/Frameworks",
				);
				PRODUCT_BUNDLE_IDENTIFIER = GiliYaakov.com.HappyBirthdayUITests;
				PRODUCT_NAME = "$(TARGET_NAME)";
				SWIFT_VERSION = 5.0;
				TARGETED_DEVICE_FAMILY = "1,2";
				TEST_TARGET_NAME = HappyBirthday;
			};
			name = Debug;
		};
		52B380A026B5D35B0045FC46 /* Release */ = {
			isa = XCBuildConfiguration;
			buildSettings = {
				ALWAYS_EMBED_SWIFT_STANDARD_LIBRARIES = YES;
				CODE_SIGN_STYLE = Automatic;
				INFOPLIST_FILE = HappyBirthdayUITests/Info.plist;
				LD_RUNPATH_SEARCH_PATHS = (
					"$(inherited)",
					"@executable_path/Frameworks",
					"@loader_path/Frameworks",
				);
				PRODUCT_BUNDLE_IDENTIFIER = GiliYaakov.com.HappyBirthdayUITests;
				PRODUCT_NAME = "$(TARGET_NAME)";
				SWIFT_VERSION = 5.0;
				TARGETED_DEVICE_FAMILY = "1,2";
				TEST_TARGET_NAME = HappyBirthday;
			};
			name = Release;
		};
/* End XCBuildConfiguration section */

/* Begin XCConfigurationList section */
		52B3806926B5D35B0045FC46 /* Build configuration list for PBXProject "HappyBirthday" */ = {
			isa = XCConfigurationList;
			buildConfigurations = (
				52B3809626B5D35B0045FC46 /* Debug */,
				52B3809726B5D35B0045FC46 /* Release */,
			);
			defaultConfigurationIsVisible = 0;
			defaultConfigurationName = Release;
		};
		52B3809826B5D35B0045FC46 /* Build configuration list for PBXNativeTarget "HappyBirthday" */ = {
			isa = XCConfigurationList;
			buildConfigurations = (
				52B3809926B5D35B0045FC46 /* Debug */,
				52B3809A26B5D35B0045FC46 /* Release */,
			);
			defaultConfigurationIsVisible = 0;
			defaultConfigurationName = Release;
		};
		52B3809B26B5D35B0045FC46 /* Build configuration list for PBXNativeTarget "HappyBirthdayTests" */ = {
			isa = XCConfigurationList;
			buildConfigurations = (
				52B3809C26B5D35B0045FC46 /* Debug */,
				52B3809D26B5D35B0045FC46 /* Release */,
			);
			defaultConfigurationIsVisible = 0;
			defaultConfigurationName = Release;
		};
		52B3809E26B5D35B0045FC46 /* Build configuration list for PBXNativeTarget "HappyBirthdayUITests" */ = {
			isa = XCConfigurationList;
			buildConfigurations = (
				52B3809F26B5D35B0045FC46 /* Debug */,
				52B380A026B5D35B0045FC46 /* Release */,
			);
			defaultConfigurationIsVisible = 0;
			defaultConfigurationName = Release;
		};
/* End XCConfigurationList section */
	};
	rootObject = 52B3806626B5D35B0045FC46 /* Project object */;
}
